
Microsoft Visual Studio Solution File, Format Version 12.00
Project("{FAE04EC0-301F-11D3-BF4B-00C04F79EFBC}") = "Jania-Desktop", "Jania-Desktop.csproj", "{C82488BB-3041-4EDA-985D-DEAD30FDC7C9}"
EndProject
Global
	GlobalSection(SolutionConfigurationPlatforms) = preSolution
		Debug|Any CPU = Debug|Any CPU
		Release|Any CPU = Release|Any CPU
	EndGlobalSection
	GlobalSection(ProjectConfigurationPlatforms) = postSolution
		{C82488BB-3041-4EDA-985D-DEAD30FDC7C9}.Debug|Any CPU.ActiveCfg = Debug|Any CPU
		{C82488BB-3041-4EDA-985D-DEAD30FDC7C9}.Debug|Any CPU.Build.0 = Debug|Any CPU
		{C82488BB-3041-4EDA-985D-DEAD30FDC7C9}.Release|Any CPU.ActiveCfg = Release|Any CPU
		{C82488BB-3041-4EDA-985D-DEAD30FDC7C9}.Release|Any CPU.Build.0 = Release|Any CPU
	EndGlobalSection
EndGlobal
